
Microsoft Visual Studio Solution File, Format Version 12.00
# Visual Studio Version 16
VisualStudioVersion = 16.0.30517.126
MinimumVisualStudioVersion = 10.0.40219.1
Project("{FAE04EC0-301F-11D3-BF4B-00C04F79EFBC}") = "test_sqlite", "test_sqlite\test_sqlite.csproj", "{B699579C-CA00-4DB3-BD9A-CBF6BF5705C1}"
EndProject
Global
	GlobalSection(SolutionConfigurationPlatforms) = preSolution
		Debug|Any CPU = Debug|Any CPU
		Release|Any CPU = Release|Any CPU
	EndGlobalSection
	GlobalSection(ProjectConfigurationPlatforms) = postSolution
		{B699579C-CA00-4DB3-BD9A-CBF6BF5705C1}.Debug|Any CPU.ActiveCfg = Debug|Any CPU
		{B699579C-CA00-4DB3-BD9A-CBF6BF5705C1}.Debug|Any CPU.Build.0 = Debug|Any CPU
		{B699579C-CA00-4DB3-BD9A-CBF6BF5705C1}.Release|Any CPU.ActiveCfg = Release|Any CPU
		{B699579C-CA00-4DB3-BD9A-CBF6BF5705C1}.Release|Any CPU.Build.0 = Release|Any CPU
	EndGlobalSection
	GlobalSection(SolutionProperties) = preSolution
		HideSolutionNode = FALSE
	EndGlobalSection
	GlobalSection(ExtensibilityGlobals) = postSolution
		SolutionGuid = {0C92E39C-6D8F-4F93-8D90-F956A2649313}
	EndGlobalSection
EndGlobal
